
Microsoft Visual Studio Solution File, Format Version 12.00
# Visual Studio Version 17
VisualStudioVersion = 17.9.34728.123
MinimumVisualStudioVersion = 10.0.40219.1
Project("{8BC9CEB8-8B4A-11D0-8D11-00A0C91BC942}") = "TR1 2", "TR1 2.vcxproj", "{30991EC5-1D2F-4574-910A-84B5198894FD}"
EndProject
Global
	GlobalSection(SolutionConfigurationPlatforms) = preSolution
		Debug|x64 = Debug|x64
		Release|x64 = Release|x64
	EndGlobalSection
	GlobalSection(ProjectConfigurationPlatforms) = postSolution
		{30991EC5-1D2F-4574-910A-84B5198894FD}.Debug|x64.ActiveCfg = Debug|x64
		{30991EC5-1D2F-4574-910A-84B5198894FD}.Debug|x64.Build.0 = Debug|x64
		{30991EC5-1D2F-4574-910A-84B5198894FD}.Release|x64.ActiveCfg = Release|x64
		{30991EC5-1D2F-4574-910A-84B5198894FD}.Release|x64.Build.0 = Release|x64
	EndGlobalSection
	GlobalSection(SolutionProperties) = preSolution
		HideSolutionNode = FALSE
	EndGlobalSection
	GlobalSection(ExtensibilityGlobals) = postSolution
		SolutionGuid = {98C7D65F-9C12-4BA6-8C1B-04F9B164EF63}
	EndGlobalSection
EndGlobal
